
Microsoft Visual Studio Solution File, Format Version 12.00
# Visual Studio 15
VisualStudioVersion = 15.0.28307.902
MinimumVisualStudioVersion = 10.0.40219.1
Project("{FAE04EC0-301F-11D3-BF4B-00C04F79EFBC}") = "Ex_ergasia", "Ex_ergasia\Ex_ergasia.csproj", "{C8A98571-1AB6-4D27-8233-3E6BA82594CC}"
EndProject
Global
	GlobalSection(SolutionConfigurationPlatforms) = preSolution
		Debug|Any CPU = Debug|Any CPU
		Release|Any CPU = Release|Any CPU
	EndGlobalSection
	GlobalSection(ProjectConfigurationPlatforms) = postSolution
		{C8A98571-1AB6-4D27-8233-3E6BA82594CC}.Debug|Any CPU.ActiveCfg = Debug|Any CPU
		{C8A98571-1AB6-4D27-8233-3E6BA82594CC}.Debug|Any CPU.Build.0 = Debug|Any CPU
		{C8A98571-1AB6-4D27-8233-3E6BA82594CC}.Release|Any CPU.ActiveCfg = Release|Any CPU
		{C8A98571-1AB6-4D27-8233-3E6BA82594CC}.Release|Any CPU.Build.0 = Release|Any CPU
	EndGlobalSection
	GlobalSection(SolutionProperties) = preSolution
		HideSolutionNode = FALSE
	EndGlobalSection
	GlobalSection(ExtensibilityGlobals) = postSolution
		SolutionGuid = {F97F402B-A785-4891-914B-1490B7BE52CF}
	EndGlobalSection
EndGlobal
